
Microsoft Visual Studio Solution File, Format Version 12.00
# Visual Studio Version 17
VisualStudioVersion = 17.6.33801.468
MinimumVisualStudioVersion = 10.0.40219.1
Project("{FAE04EC0-301F-11D3-BF4B-00C04F79EFBC}") = "BusinessClockAPi", "BusinessClockAPi\BusinessClockAPi.csproj", "{BBF1DF53-02C4-4D33-AFEB-F61FEE6F29EB}"
EndProject
Global
	GlobalSection(SolutionConfigurationPlatforms) = preSolution
		Debug|Any CPU = Debug|Any CPU
		Release|Any CPU = Release|Any CPU
	EndGlobalSection
	GlobalSection(ProjectConfigurationPlatforms) = postSolution
		{BBF1DF53-02C4-4D33-AFEB-F61FEE6F29EB}.Debug|Any CPU.ActiveCfg = Debug|Any CPU
		{BBF1DF53-02C4-4D33-AFEB-F61FEE6F29EB}.Debug|Any CPU.Build.0 = Debug|Any CPU
		{BBF1DF53-02C4-4D33-AFEB-F61FEE6F29EB}.Release|Any CPU.ActiveCfg = Release|Any CPU
		{BBF1DF53-02C4-4D33-AFEB-F61FEE6F29EB}.Release|Any CPU.Build.0 = Release|Any CPU
	EndGlobalSection
	GlobalSection(SolutionProperties) = preSolution
		HideSolutionNode = FALSE
	EndGlobalSection
	GlobalSection(ExtensibilityGlobals) = postSolution
		SolutionGuid = {1DE29848-8689-426F-93FD-FE1CD4E92F33}
	EndGlobalSection
EndGlobal
